
Microsoft Visual Studio Solution File, Format Version 12.00
# Visual Studio Version 16
VisualStudioVersion = 16.0.29001.49
MinimumVisualStudioVersion = 10.0.40219.1
Project("{FAE04EC0-301F-11D3-BF4B-00C04F79EFBC}") = "Itof.UI", "Itof.UI\Itof.UI.csproj", "{FDB9DF81-65CE-4BAD-AC62-510D66749178}"
EndProject
Project("{2150E333-8FDC-42A3-9474-1A3956D46DE8}") = "Solution Items", "Solution Items", "{DA6A6C45-FF9B-48DC-8FFA-18864EA76FE2}"
	ProjectSection(SolutionItems) = preProject
		README.md = README.md
	EndProjectSection
EndProject
Global
	GlobalSection(SolutionConfigurationPlatforms) = preSolution
		Debug|Any CPU = Debug|Any CPU
		Release|Any CPU = Release|Any CPU
	EndGlobalSection
	GlobalSection(ProjectConfigurationPlatforms) = postSolution
		{FDB9DF81-65CE-4BAD-AC62-510D66749178}.Debug|Any CPU.ActiveCfg = Debug|Any CPU
		{FDB9DF81-65CE-4BAD-AC62-510D66749178}.Debug|Any CPU.Build.0 = Debug|Any CPU
		{FDB9DF81-65CE-4BAD-AC62-510D66749178}.Release|Any CPU.ActiveCfg = Release|Any CPU
		{FDB9DF81-65CE-4BAD-AC62-510D66749178}.Release|Any CPU.Build.0 = Release|Any CPU
	EndGlobalSection
	GlobalSection(SolutionProperties) = preSolution
		HideSolutionNode = FALSE
	EndGlobalSection
	GlobalSection(ExtensibilityGlobals) = postSolution
		SolutionGuid = {46ED206A-7C1B-451D-B375-4F4D4949EA23}
	EndGlobalSection
EndGlobal
